
Microsoft Visual Studio Solution File, Format Version 12.00
# Visual Studio Version 17
VisualStudioVersion = 17.2.32602.215
MinimumVisualStudioVersion = 10.0.40219.1
Project("{FAE04EC0-301F-11D3-BF4B-00C04F79EFBC}") = "FunctionsTask2", "FunctionsTask2\FunctionsTask2.csproj", "{61160E8C-9E92-4FDF-8099-BB0D7E2027E6}"
EndProject
Global
	GlobalSection(SolutionConfigurationPlatforms) = preSolution
		Debug|Any CPU = Debug|Any CPU
		Release|Any CPU = Release|Any CPU
	EndGlobalSection
	GlobalSection(ProjectConfigurationPlatforms) = postSolution
		{61160E8C-9E92-4FDF-8099-BB0D7E2027E6}.Debug|Any CPU.ActiveCfg = Debug|Any CPU
		{61160E8C-9E92-4FDF-8099-BB0D7E2027E6}.Debug|Any CPU.Build.0 = Debug|Any CPU
		{61160E8C-9E92-4FDF-8099-BB0D7E2027E6}.Release|Any CPU.ActiveCfg = Release|Any CPU
		{61160E8C-9E92-4FDF-8099-BB0D7E2027E6}.Release|Any CPU.Build.0 = Release|Any CPU
	EndGlobalSection
	GlobalSection(SolutionProperties) = preSolution
		HideSolutionNode = FALSE
	EndGlobalSection
	GlobalSection(ExtensibilityGlobals) = postSolution
		SolutionGuid = {3F27536D-266D-43C9-80C5-517FD39DFB72}
	EndGlobalSection
EndGlobal
